
Microsoft Visual Studio Solution File, Format Version 12.00
# Visual Studio Version 17
VisualStudioVersion = 17.0.31903.59
MinimumVisualStudioVersion = 10.0.40219.1
Project("{2150E333-8FDC-42A3-9474-1A3956D46DE8}") = "MicroServices", "MicroServices", "{8A367DDA-5161-A942-4F09-60E4726C9306}"
EndProject
Project("{2150E333-8FDC-42A3-9474-1A3956D46DE8}") = "ProductCatalog", "ProductCatalog", "{F926D061-AB2A-94F5-7DDD-7C89233ED6DC}"
EndProject
Project("{FAE04EC0-301F-11D3-BF4B-00C04F79EFBC}") = "ProductCatalog.Api", "MicroServices\ProductCatalog\ProductCatalog.Api\ProductCatalog.Api.csproj", "{43BFE670-E052-4F70-A2A8-D7FD42D44ADE}"
EndProject
Project("{FAE04EC0-301F-11D3-BF4B-00C04F79EFBC}") = "ProductCatalog.Domain", "MicroServices\ProductCatalog\ProductCatalog.Domain\ProductCatalog.Domain.csproj", "{68E82E30-8DC0-439F-88FF-A3EE2405BAA2}"
EndProject
Project("{FAE04EC0-301F-11D3-BF4B-00C04F79EFBC}") = "ProductCatalog.Infrastructure", "MicroServices\ProductCatalog\ProductCatalog.Infrastructure\ProductCatalog.Infrastructure.csproj", "{56EAB5F2-3C05-4198-A35D-D9CE59D5F392}"
EndProject
Project("{2150E333-8FDC-42A3-9474-1A3956D46DE8}") = "Clients", "Clients", "{9123F88B-E531-3118-42D7-ED8CEF4BD00E}"
EndProject
Project("{2150E333-8FDC-42A3-9474-1A3956D46DE8}") = "Blazor.Client", "Blazor.Client", "{B439CD5A-B960-9506-14AE-95380622EC8C}"
EndProject
Project("{FAE04EC0-301F-11D3-BF4B-00C04F79EFBC}") = "BlazorApp", "Clients\Blazor.Client\BlazorApp.csproj", "{5BCF45A5-A993-470C-8FCE-AA07C0767BB7}"
EndProject
Project("{2150E333-8FDC-42A3-9474-1A3956D46DE8}") = "ShoppingCart", "ShoppingCart", "{21BEC94F-7842-08CA-8A57-2FA5ED6AB9CA}"
EndProject
Project("{FAE04EC0-301F-11D3-BF4B-00C04F79EFBC}") = "ShoppingCart.Api", "MicroServices\ShoppingCart\ShoppingCart.Api\ShoppingCart.Api.csproj", "{B8B3B11C-4CD4-4DA1-B520-B7D5DBFF6D9C}"
EndProject
Project("{FAE04EC0-301F-11D3-BF4B-00C04F79EFBC}") = "ShoppingCart.Domain", "MicroServices\ShoppingCart\ShoppingCart.Domain\ShoppingCart.Domain.csproj", "{1FADA7E1-BED1-44EE-955A-9A7EA8BED2F6}"
EndProject
Project("{FAE04EC0-301F-11D3-BF4B-00C04F79EFBC}") = "ShoppingCart.Infrastructure", "MicroServices\ShoppingCart\ShoppingCart.Infrastructure\ShoppingCart.Infrastructure.csproj", "{9AF11659-4D24-4207-A52C-EFE2A0736E68}"
EndProject
Project("{2150E333-8FDC-42A3-9474-1A3956D46DE8}") = "Shared", "Shared", "{02EA681E-C7D8-13C7-8484-4AC65E1B71E8}"
EndProject
Project("{FAE04EC0-301F-11D3-BF4B-00C04F79EFBC}") = "Shared.Domain", "MicroServices\Shared\Shared.Domain\Shared.Domain.csproj", "{787C13C1-2F44-44A9-98E7-FBE9298935A6}"
EndProject
Project("{2150E333-8FDC-42A3-9474-1A3956D46DE8}") = "ApiGateway", "ApiGateway", "{25D181DD-5CC9-F0B3-C64F-91E1AA77FD70}"
EndProject
Project("{FAE04EC0-301F-11D3-BF4B-00C04F79EFBC}") = "YarpApiGateway", "ApiGateway\YarpApiGateway\YarpApiGateway.csproj", "{44B2E1FA-7D84-422A-94C6-BF63EEB29A3C}"
EndProject
Project("{2150E333-8FDC-42A3-9474-1A3956D46DE8}") = "Monitoring", "Monitoring", "{C6BDBC62-5228-D7E6-950F-74226525B5B7}"
EndProject
Project("{FAE04EC0-301F-11D3-BF4B-00C04F79EFBC}") = "Monitoring.Web", "Monitoring\Monitoring.Web\Monitoring.Web.csproj", "{2FF747DF-C764-4366-8EAB-84A30FAAB138}"
EndProject
Project("{2150E333-8FDC-42A3-9474-1A3956D46DE8}") = "Ordering", "Ordering", "{3891AA7E-D94B-6467-9046-D3BB6ADA90DA}"
EndProject
Project("{FAE04EC0-301F-11D3-BF4B-00C04F79EFBC}") = "Ordering.Api", "MicroServices\Ordering\Ordering.Api\Ordering.Api.csproj", "{AB680E56-AF9F-47E8-BADD-6029876C314F}"
EndProject
Project("{FAE04EC0-301F-11D3-BF4B-00C04F79EFBC}") = "Ordering.Infrastructure", "MicroServices\Ordering\Ordering.Infrastructure\Ordering.Infrastructure.csproj", "{F258E13C-34FF-4886-83E8-04E6857AEA8E}"
EndProject
Project("{FAE04EC0-301F-11D3-BF4B-00C04F79EFBC}") = "Ordering.Domain", "MicroServices\Ordering\Ordering.Domain\Ordering.Domain.csproj", "{04B2AA70-7BA1-48E1-A391-5DCDA1278E1D}"
EndProject
Project("{2150E333-8FDC-42A3-9474-1A3956D46DE8}") = "Payment", "Payment", "{E451BC46-D648-4461-A6BF-EA0B189BCC94}"
EndProject
Project("{FAE04EC0-301F-11D3-BF4B-00C04F79EFBC}") = "Payment.Api", "MicroServices\Payment\Payment.Api\Payment.Api.csproj", "{17D1001E-12DD-407A-B8F9-D4F935BECD22}"
EndProject
Project("{2150E333-8FDC-42A3-9474-1A3956D46DE8}") = "IdentityProvider", "IdentityProvider", "{92FB1F3D-651F-4EAE-8B80-4E7795A8D427}"
EndProject
Project("{FAE04EC0-301F-11D3-BF4B-00C04F79EFBC}") = "IdentityProvider.Api", "IdentityProvider\IdentityProvider.Api\IdentityProvider.Api.csproj", "{415AA9C0-47F3-45E8-8F00-1309D0BBE459}"
EndProject
Project("{E53339B2-1760-4266-BCC7-CA923CBCF16C}") = "docker-compose", "docker-compose.dcproj", "{81DDED9D-158B-E303-5F62-77A2896D2A5A}"
EndProject
Global
	GlobalSection(SolutionConfigurationPlatforms) = preSolution
		Debug|Any CPU = Debug|Any CPU
		Debug|x64 = Debug|x64
		Debug|x86 = Debug|x86
		Release|Any CPU = Release|Any CPU
		Release|x64 = Release|x64
		Release|x86 = Release|x86
	EndGlobalSection
	GlobalSection(ProjectConfigurationPlatforms) = postSolution
		{43BFE670-E052-4F70-A2A8-D7FD42D44ADE}.Debug|Any CPU.ActiveCfg = Debug|Any CPU
		{43BFE670-E052-4F70-A2A8-D7FD42D44ADE}.Debug|Any CPU.Build.0 = Debug|Any CPU
		{43BFE670-E052-4F70-A2A8-D7FD42D44ADE}.Debug|x64.ActiveCfg = Debug|Any CPU
		{43BFE670-E052-4F70-A2A8-D7FD42D44ADE}.Debug|x64.Build.0 = Debug|Any CPU
		{43BFE670-E052-4F70-A2A8-D7FD42D44ADE}.Debug|x86.ActiveCfg = Debug|Any CPU
		{43BFE670-E052-4F70-A2A8-D7FD42D44ADE}.Debug|x86.Build.0 = Debug|Any CPU
		{43BFE670-E052-4F70-A2A8-D7FD42D44ADE}.Release|Any CPU.ActiveCfg = Release|Any CPU
		{43BFE670-E052-4F70-A2A8-D7FD42D44ADE}.Release|Any CPU.Build.0 = Release|Any CPU
		{43BFE670-E052-4F70-A2A8-D7FD42D44ADE}.Release|x64.ActiveCfg = Release|Any CPU
		{43BFE670-E052-4F70-A2A8-D7FD42D44ADE}.Release|x64.Build.0 = Release|Any CPU
		{43BFE670-E052-4F70-A2A8-D7FD42D44ADE}.Release|x86.ActiveCfg = Release|Any CPU
		{43BFE670-E052-4F70-A2A8-D7FD42D44ADE}.Release|x86.Build.0 = Release|Any CPU
		{68E82E30-8DC0-439F-88FF-A3EE2405BAA2}.Debug|Any CPU.ActiveCfg = Debug|Any CPU
		{68E82E30-8DC0-439F-88FF-A3EE2405BAA2}.Debug|Any CPU.Build.0 = Debug|Any CPU
		{68E82E30-8DC0-439F-88FF-A3EE2405BAA2}.Debug|x64.ActiveCfg = Debug|Any CPU
		{68E82E30-8DC0-439F-88FF-A3EE2405BAA2}.Debug|x64.Build.0 = Debug|Any CPU
		{68E82E30-8DC0-439F-88FF-A3EE2405BAA2}.Debug|x86.ActiveCfg = Debug|Any CPU
		{68E82E30-8DC0-439F-88FF-A3EE2405BAA2}.Debug|x86.Build.0 = Debug|Any CPU
		{68E82E30-8DC0-439F-88FF-A3EE2405BAA2}.Release|Any CPU.ActiveCfg = Release|Any CPU
		{68E82E30-8DC0-439F-88FF-A3EE2405BAA2}.Release|Any CPU.Build.0 = Release|Any CPU
		{68E82E30-8DC0-439F-88FF-A3EE2405BAA2}.Release|x64.ActiveCfg = Release|Any CPU
		{68E82E30-8DC0-439F-88FF-A3EE2405BAA2}.Release|x64.Build.0 = Release|Any CPU
		{68E82E30-8DC0-439F-88FF-A3EE2405BAA2}.Release|x86.ActiveCfg = Release|Any CPU
		{68E82E30-8DC0-439F-88FF-A3EE2405BAA2}.Release|x86.Build.0 = Release|Any CPU
		{56EAB5F2-3C05-4198-A35D-D9CE59D5F392}.Debug|Any CPU.ActiveCfg = Debug|Any CPU
		{56EAB5F2-3C05-4198-A35D-D9CE59D5F392}.Debug|Any CPU.Build.0 = Debug|Any CPU
		{56EAB5F2-3C05-4198-A35D-D9CE59D5F392}.Debug|x64.ActiveCfg = Debug|Any CPU
		{56EAB5F2-3C05-4198-A35D-D9CE59D5F392}.Debug|x64.Build.0 = Debug|Any CPU
		{56EAB5F2-3C05-4198-A35D-D9CE59D5F392}.Debug|x86.ActiveCfg = Debug|Any CPU
		{56EAB5F2-3C05-4198-A35D-D9CE59D5F392}.Debug|x86.Build.0 = Debug|Any CPU
		{56EAB5F2-3C05-4198-A35D-D9CE59D5F392}.Release|Any CPU.ActiveCfg = Release|Any CPU
		{56EAB5F2-3C05-4198-A35D-D9CE59D5F392}.Release|Any CPU.Build.0 = Release|Any CPU
		{56EAB5F2-3C05-4198-A35D-D9CE59D5F392}.Release|x64.ActiveCfg = Release|Any CPU
		{56EAB5F2-3C05-4198-A35D-D9CE59D5F392}.Release|x64.Build.0 = Release|Any CPU
		{56EAB5F2-3C05-4198-A35D-D9CE59D5F392}.Release|x86.ActiveCfg = Release|Any CPU
		{56EAB5F2-3C05-4198-A35D-D9CE59D5F392}.Release|x86.Build.0 = Release|Any CPU
		{5BCF45A5-A993-470C-8FCE-AA07C0767BB7}.Debug|Any CPU.ActiveCfg = Debug|Any CPU
		{5BCF45A5-A993-470C-8FCE-AA07C0767BB7}.Debug|Any CPU.Build.0 = Debug|Any CPU
		{5BCF45A5-A993-470C-8FCE-AA07C0767BB7}.Debug|x64.ActiveCfg = Debug|Any CPU
		{5BCF45A5-A993-470C-8FCE-AA07C0767BB7}.Debug|x64.Build.0 = Debug|Any CPU
		{5BCF45A5-A993-470C-8FCE-AA07C0767BB7}.Debug|x86.ActiveCfg = Debug|Any CPU
		{5BCF45A5-A993-470C-8FCE-AA07C0767BB7}.Debug|x86.Build.0 = Debug|Any CPU
		{5BCF45A5-A993-470C-8FCE-AA07C0767BB7}.Release|Any CPU.ActiveCfg = Release|Any CPU
		{5BCF45A5-A993-470C-8FCE-AA07C0767BB7}.Release|Any CPU.Build.0 = Release|Any CPU
		{5BCF45A5-A993-470C-8FCE-AA07C0767BB7}.Release|x64.ActiveCfg = Release|Any CPU
		{5BCF45A5-A993-470C-8FCE-AA07C0767BB7}.Release|x64.Build.0 = Release|Any CPU
		{5BCF45A5-A993-470C-8FCE-AA07C0767BB7}.Release|x86.ActiveCfg = Release|Any CPU
		{5BCF45A5-A993-470C-8FCE-AA07C0767BB7}.Release|x86.Build.0 = Release|Any CPU
		{B8B3B11C-4CD4-4DA1-B520-B7D5DBFF6D9C}.Debug|Any CPU.ActiveCfg = Debug|Any CPU
		{B8B3B11C-4CD4-4DA1-B520-B7D5DBFF6D9C}.Debug|Any CPU.Build.0 = Debug|Any CPU
		{B8B3B11C-4CD4-4DA1-B520-B7D5DBFF6D9C}.Debug|x64.ActiveCfg = Debug|Any CPU
		{B8B3B11C-4CD4-4DA1-B520-B7D5DBFF6D9C}.Debug|x64.Build.0 = Debug|Any CPU
		{B8B3B11C-4CD4-4DA1-B520-B7D5DBFF6D9C}.Debug|x86.ActiveCfg = Debug|Any CPU
		{B8B3B11C-4CD4-4DA1-B520-B7D5DBFF6D9C}.Debug|x86.Build.0 = Debug|Any CPU
		{B8B3B11C-4CD4-4DA1-B520-B7D5DBFF6D9C}.Release|Any CPU.ActiveCfg = Release|Any CPU
		{B8B3B11C-4CD4-4DA1-B520-B7D5DBFF6D9C}.Release|Any CPU.Build.0 = Release|Any CPU
		{B8B3B11C-4CD4-4DA1-B520-B7D5DBFF6D9C}.Release|x64.ActiveCfg = Release|Any CPU
		{B8B3B11C-4CD4-4DA1-B520-B7D5DBFF6D9C}.Release|x64.Build.0 = Release|Any CPU
		{B8B3B11C-4CD4-4DA1-B520-B7D5DBFF6D9C}.Release|x86.ActiveCfg = Release|Any CPU
		{B8B3B11C-4CD4-4DA1-B520-B7D5DBFF6D9C}.Release|x86.Build.0 = Release|Any CPU
		{1FADA7E1-BED1-44EE-955A-9A7EA8BED2F6}.Debug|Any CPU.ActiveCfg = Debug|Any CPU
		{1FADA7E1-BED1-44EE-955A-9A7EA8BED2F6}.Debug|Any CPU.Build.0 = Debug|Any CPU
		{1FADA7E1-BED1-44EE-955A-9A7EA8BED2F6}.Debug|x64.ActiveCfg = Debug|Any CPU
		{1FADA7E1-BED1-44EE-955A-9A7EA8BED2F6}.Debug|x64.Build.0 = Debug|Any CPU
		{1FADA7E1-BED1-44EE-955A-9A7EA8BED2F6}.Debug|x86.ActiveCfg = Debug|Any CPU
		{1FADA7E1-BED1-44EE-955A-9A7EA8BED2F6}.Debug|x86.Build.0 = Debug|Any CPU
		{1FADA7E1-BED1-44EE-955A-9A7EA8BED2F6}.Release|Any CPU.ActiveCfg = Release|Any CPU
		{1FADA7E1-BED1-44EE-955A-9A7EA8BED2F6}.Release|Any CPU.Build.0 = Release|Any CPU
		{1FADA7E1-BED1-44EE-955A-9A7EA8BED2F6}.Release|x64.ActiveCfg = Release|Any CPU
		{1FADA7E1-BED1-44EE-955A-9A7EA8BED2F6}.Release|x64.Build.0 = Release|Any CPU
		{1FADA7E1-BED1-44EE-955A-9A7EA8BED2F6}.Release|x86.ActiveCfg = Release|Any CPU
		{1FADA7E1-BED1-44EE-955A-9A7EA8BED2F6}.Release|x86.Build.0 = Release|Any CPU
		{9AF11659-4D24-4207-A52C-EFE2A0736E68}.Debug|Any CPU.ActiveCfg = Debug|Any CPU
		{9AF11659-4D24-4207-A52C-EFE2A0736E68}.Debug|Any CPU.Build.0 = Debug|Any CPU
		{9AF11659-4D24-4207-A52C-EFE2A0736E68}.Debug|x64.ActiveCfg = Debug|Any CPU
		{9AF11659-4D24-4207-A52C-EFE2A0736E68}.Debug|x64.Build.0 = Debug|Any CPU
		{9AF11659-4D24-4207-A52C-EFE2A0736E68}.Debug|x86.ActiveCfg = Debug|Any CPU
		{9AF11659-4D24-4207-A52C-EFE2A0736E68}.Debug|x86.Build.0 = Debug|Any CPU
		{9AF11659-4D24-4207-A52C-EFE2A0736E68}.Release|Any CPU.ActiveCfg = Release|Any CPU
		{9AF11659-4D24-4207-A52C-EFE2A0736E68}.Release|Any CPU.Build.0 = Release|Any CPU
		{9AF11659-4D24-4207-A52C-EFE2A0736E68}.Release|x64.ActiveCfg = Release|Any CPU
		{9AF11659-4D24-4207-A52C-EFE2A0736E68}.Release|x64.Build.0 = Release|Any CPU
		{9AF11659-4D24-4207-A52C-EFE2A0736E68}.Release|x86.ActiveCfg = Release|Any CPU
		{9AF11659-4D24-4207-A52C-EFE2A0736E68}.Release|x86.Build.0 = Release|Any CPU
		{787C13C1-2F44-44A9-98E7-FBE9298935A6}.Debug|Any CPU.ActiveCfg = Debug|Any CPU
		{787C13C1-2F44-44A9-98E7-FBE9298935A6}.Debug|Any CPU.Build.0 = Debug|Any CPU
		{787C13C1-2F44-44A9-98E7-FBE9298935A6}.Debug|x64.ActiveCfg = Debug|Any CPU
		{787C13C1-2F44-44A9-98E7-FBE9298935A6}.Debug|x64.Build.0 = Debug|Any CPU
		{787C13C1-2F44-44A9-98E7-FBE9298935A6}.Debug|x86.ActiveCfg = Debug|Any CPU
		{787C13C1-2F44-44A9-98E7-FBE9298935A6}.Debug|x86.Build.0 = Debug|Any CPU
		{787C13C1-2F44-44A9-98E7-FBE9298935A6}.Release|Any CPU.ActiveCfg = Release|Any CPU
		{787C13C1-2F44-44A9-98E7-FBE9298935A6}.Release|Any CPU.Build.0 = Release|Any CPU
		{787C13C1-2F44-44A9-98E7-FBE9298935A6}.Release|x64.ActiveCfg = Release|Any CPU
		{787C13C1-2F44-44A9-98E7-FBE9298935A6}.Release|x64.Build.0 = Release|Any CPU
		{787C13C1-2F44-44A9-98E7-FBE9298935A6}.Release|x86.ActiveCfg = Release|Any CPU
		{787C13C1-2F44-44A9-98E7-FBE9298935A6}.Release|x86.Build.0 = Release|Any CPU
		{44B2E1FA-7D84-422A-94C6-BF63EEB29A3C}.Debug|Any CPU.ActiveCfg = Debug|Any CPU
		{44B2E1FA-7D84-422A-94C6-BF63EEB29A3C}.Debug|Any CPU.Build.0 = Debug|Any CPU
		{44B2E1FA-7D84-422A-94C6-BF63EEB29A3C}.Debug|x64.ActiveCfg = Debug|Any CPU
		{44B2E1FA-7D84-422A-94C6-BF63EEB29A3C}.Debug|x64.Build.0 = Debug|Any CPU
		{44B2E1FA-7D84-422A-94C6-BF63EEB29A3C}.Debug|x86.ActiveCfg = Debug|Any CPU
		{44B2E1FA-7D84-422A-94C6-BF63EEB29A3C}.Debug|x86.Build.0 = Debug|Any CPU
		{44B2E1FA-7D84-422A-94C6-BF63EEB29A3C}.Release|Any CPU.ActiveCfg = Release|Any CPU
		{44B2E1FA-7D84-422A-94C6-BF63EEB29A3C}.Release|Any CPU.Build.0 = Release|Any CPU
		{44B2E1FA-7D84-422A-94C6-BF63EEB29A3C}.Release|x64.ActiveCfg = Release|Any CPU
		{44B2E1FA-7D84-422A-94C6-BF63EEB29A3C}.Release|x64.Build.0 = Release|Any CPU
		{44B2E1FA-7D84-422A-94C6-BF63EEB29A3C}.Release|x86.ActiveCfg = Release|Any CPU
		{44B2E1FA-7D84-422A-94C6-BF63EEB29A3C}.Release|x86.Build.0 = Release|Any CPU
		{2FF747DF-C764-4366-8EAB-84A30FAAB138}.Debug|Any CPU.ActiveCfg = Debug|Any CPU
		{2FF747DF-C764-4366-8EAB-84A30FAAB138}.Debug|Any CPU.Build.0 = Debug|Any CPU
		{2FF747DF-C764-4366-8EAB-84A30FAAB138}.Debug|x64.ActiveCfg = Debug|Any CPU
		{2FF747DF-C764-4366-8EAB-84A30FAAB138}.Debug|x64.Build.0 = Debug|Any CPU
		{2FF747DF-C764-4366-8EAB-84A30FAAB138}.Debug|x86.ActiveCfg = Debug|Any CPU
		{2FF747DF-C764-4366-8EAB-84A30FAAB138}.Debug|x86.Build.0 = Debug|Any CPU
		{2FF747DF-C764-4366-8EAB-84A30FAAB138}.Release|Any CPU.ActiveCfg = Release|Any CPU
		{2FF747DF-C764-4366-8EAB-84A30FAAB138}.Release|Any CPU.Build.0 = Release|Any CPU
		{2FF747DF-C764-4366-8EAB-84A30FAAB138}.Release|x64.ActiveCfg = Release|Any CPU
		{2FF747DF-C764-4366-8EAB-84A30FAAB138}.Release|x64.Build.0 = Release|Any CPU
		{2FF747DF-C764-4366-8EAB-84A30FAAB138}.Release|x86.ActiveCfg = Release|Any CPU
		{2FF747DF-C764-4366-8EAB-84A30FAAB138}.Release|x86.Build.0 = Release|Any CPU
		{AB680E56-AF9F-47E8-BADD-6029876C314F}.Debug|Any CPU.ActiveCfg = Debug|Any CPU
		{AB680E56-AF9F-47E8-BADD-6029876C314F}.Debug|Any CPU.Build.0 = Debug|Any CPU
		{AB680E56-AF9F-47E8-BADD-6029876C314F}.Debug|x64.ActiveCfg = Debug|Any CPU
		{AB680E56-AF9F-47E8-BADD-6029876C314F}.Debug|x64.Build.0 = Debug|Any CPU
		{AB680E56-AF9F-47E8-BADD-6029876C314F}.Debug|x86.ActiveCfg = Debug|Any CPU
		{AB680E56-AF9F-47E8-BADD-6029876C314F}.Debug|x86.Build.0 = Debug|Any CPU
		{AB680E56-AF9F-47E8-BADD-6029876C314F}.Release|Any CPU.ActiveCfg = Release|Any CPU
		{AB680E56-AF9F-47E8-BADD-6029876C314F}.Release|Any CPU.Build.0 = Release|Any CPU
		{AB680E56-AF9F-47E8-BADD-6029876C314F}.Release|x64.ActiveCfg = Release|Any CPU
		{AB680E56-AF9F-47E8-BADD-6029876C314F}.Release|x64.Build.0 = Release|Any CPU
		{AB680E56-AF9F-47E8-BADD-6029876C314F}.Release|x86.ActiveCfg = Release|Any CPU
		{AB680E56-AF9F-47E8-BADD-6029876C314F}.Release|x86.Build.0 = Release|Any CPU
		{F258E13C-34FF-4886-83E8-04E6857AEA8E}.Debug|Any CPU.ActiveCfg = Debug|Any CPU
		{F258E13C-34FF-4886-83E8-04E6857AEA8E}.Debug|Any CPU.Build.0 = Debug|Any CPU
		{F258E13C-34FF-4886-83E8-04E6857AEA8E}.Debug|x64.ActiveCfg = Debug|Any CPU
		{F258E13C-34FF-4886-83E8-04E6857AEA8E}.Debug|x64.Build.0 = Debug|Any CPU
		{F258E13C-34FF-4886-83E8-04E6857AEA8E}.Debug|x86.ActiveCfg = Debug|Any CPU
		{F258E13C-34FF-4886-83E8-04E6857AEA8E}.Debug|x86.Build.0 = Debug|Any CPU
		{F258E13C-34FF-4886-83E8-04E6857AEA8E}.Release|Any CPU.ActiveCfg = Release|Any CPU
		{F258E13C-34FF-4886-83E8-04E6857AEA8E}.Release|Any CPU.Build.0 = Release|Any CPU
		{F258E13C-34FF-4886-83E8-04E6857AEA8E}.Release|x64.ActiveCfg = Release|Any CPU
		{F258E13C-34FF-4886-83E8-04E6857AEA8E}.Release|x64.Build.0 = Release|Any CPU
		{F258E13C-34FF-4886-83E8-04E6857AEA8E}.Release|x86.ActiveCfg = Release|Any CPU
		{F258E13C-34FF-4886-83E8-04E6857AEA8E}.Release|x86.Build.0 = Release|Any CPU
		{04B2AA70-7BA1-48E1-A391-5DCDA1278E1D}.Debug|Any CPU.ActiveCfg = Debug|Any CPU
		{04B2AA70-7BA1-48E1-A391-5DCDA1278E1D}.Debug|Any CPU.Build.0 = Debug|Any CPU
		{04B2AA70-7BA1-48E1-A391-5DCDA1278E1D}.Debug|x64.ActiveCfg = Debug|Any CPU
		{04B2AA70-7BA1-48E1-A391-5DCDA1278E1D}.Debug|x64.Build.0 = Debug|Any CPU
		{04B2AA70-7BA1-48E1-A391-5DCDA1278E1D}.Debug|x86.ActiveCfg = Debug|Any CPU
		{04B2AA70-7BA1-48E1-A391-5DCDA1278E1D}.Debug|x86.Build.0 = Debug|Any CPU
		{04B2AA70-7BA1-48E1-A391-5DCDA1278E1D}.Release|Any CPU.ActiveCfg = Release|Any CPU
		{04B2AA70-7BA1-48E1-A391-5DCDA1278E1D}.Release|Any CPU.Build.0 = Release|Any CPU
		{04B2AA70-7BA1-48E1-A391-5DCDA1278E1D}.Release|x64.ActiveCfg = Release|Any CPU
		{04B2AA70-7BA1-48E1-A391-5DCDA1278E1D}.Release|x64.Build.0 = Release|Any CPU
		{04B2AA70-7BA1-48E1-A391-5DCDA1278E1D}.Release|x86.ActiveCfg = Release|Any CPU
		{04B2AA70-7BA1-48E1-A391-5DCDA1278E1D}.Release|x86.Build.0 = Release|Any CPU
		{17D1001E-12DD-407A-B8F9-D4F935BECD22}.Debug|Any CPU.ActiveCfg = Debug|Any CPU
		{17D1001E-12DD-407A-B8F9-D4F935BECD22}.Debug|Any CPU.Build.0 = Debug|Any CPU
		{17D1001E-12DD-407A-B8F9-D4F935BECD22}.Debug|x64.ActiveCfg = Debug|Any CPU
		{17D1001E-12DD-407A-B8F9-D4F935BECD22}.Debug|x64.Build.0 = Debug|Any CPU
		{17D1001E-12DD-407A-B8F9-D4F935BECD22}.Debug|x86.ActiveCfg = Debug|Any CPU
		{17D1001E-12DD-407A-B8F9-D4F935BECD22}.Debug|x86.Build.0 = Debug|Any CPU
		{17D1001E-12DD-407A-B8F9-D4F935BECD22}.Release|Any CPU.ActiveCfg = Release|Any CPU
		{17D1001E-12DD-407A-B8F9-D4F935BECD22}.Release|Any CPU.Build.0 = Release|Any CPU
		{17D1001E-12DD-407A-B8F9-D4F935BECD22}.Release|x64.ActiveCfg = Release|Any CPU
		{17D1001E-12DD-407A-B8F9-D4F935BECD22}.Release|x64.Build.0 = Release|Any CPU
		{17D1001E-12DD-407A-B8F9-D4F935BECD22}.Release|x86.ActiveCfg = Release|Any CPU
		{17D1001E-12DD-407A-B8F9-D4F935BECD22}.Release|x86.Build.0 = Release|Any CPU
		{415AA9C0-47F3-45E8-8F00-1309D0BBE459}.Debug|Any CPU.ActiveCfg = Debug|Any CPU
		{415AA9C0-47F3-45E8-8F00-1309D0BBE459}.Debug|Any CPU.Build.0 = Debug|Any CPU
		{415AA9C0-47F3-45E8-8F00-1309D0BBE459}.Debug|x64.ActiveCfg = Debug|Any CPU
		{415AA9C0-47F3-45E8-8F00-1309D0BBE459}.Debug|x64.Build.0 = Debug|Any CPU
		{415AA9C0-47F3-45E8-8F00-1309D0BBE459}.Debug|x86.ActiveCfg = Debug|Any CPU
		{415AA9C0-47F3-45E8-8F00-1309D0BBE459}.Debug|x86.Build.0 = Debug|Any CPU
		{415AA9C0-47F3-45E8-8F00-1309D0BBE459}.Release|Any CPU.ActiveCfg = Release|Any CPU
		{415AA9C0-47F3-45E8-8F00-1309D0BBE459}.Release|Any CPU.Build.0 = Release|Any CPU
		{415AA9C0-47F3-45E8-8F00-1309D0BBE459}.Release|x64.ActiveCfg = Release|Any CPU
		{415AA9C0-47F3-45E8-8F00-1309D0BBE459}.Release|x64.Build.0 = Release|Any CPU
		{415AA9C0-47F3-45E8-8F00-1309D0BBE459}.Release|x86.ActiveCfg = Release|Any CPU
		{415AA9C0-47F3-45E8-8F00-1309D0BBE459}.Release|x86.Build.0 = Release|Any CPU
		{81DDED9D-158B-E303-5F62-77A2896D2A5A}.Debug|Any CPU.ActiveCfg = Debug|Any CPU
		{81DDED9D-158B-E303-5F62-77A2896D2A5A}.Debug|Any CPU.Build.0 = Debug|Any CPU
		{81DDED9D-158B-E303-5F62-77A2896D2A5A}.Debug|x64.ActiveCfg = Debug|Any CPU
		{81DDED9D-158B-E303-5F62-77A2896D2A5A}.Debug|x64.Build.0 = Debug|Any CPU
		{81DDED9D-158B-E303-5F62-77A2896D2A5A}.Debug|x86.ActiveCfg = Debug|Any CPU
		{81DDED9D-158B-E303-5F62-77A2896D2A5A}.Debug|x86.Build.0 = Debug|Any CPU
		{81DDED9D-158B-E303-5F62-77A2896D2A5A}.Release|Any CPU.ActiveCfg = Release|Any CPU
		{81DDED9D-158B-E303-5F62-77A2896D2A5A}.Release|Any CPU.Build.0 = Release|Any CPU
		{81DDED9D-158B-E303-5F62-77A2896D2A5A}.Release|x64.ActiveCfg = Release|Any CPU
		{81DDED9D-158B-E303-5F62-77A2896D2A5A}.Release|x64.Build.0 = Release|Any CPU
		{81DDED9D-158B-E303-5F62-77A2896D2A5A}.Release|x86.ActiveCfg = Release|Any CPU
		{81DDED9D-158B-E303-5F62-77A2896D2A5A}.Release|x86.Build.0 = Release|Any CPU
	EndGlobalSection
	GlobalSection(SolutionProperties) = preSolution
		HideSolutionNode = FALSE
	EndGlobalSection
	GlobalSection(NestedProjects) = preSolution
		{F926D061-AB2A-94F5-7DDD-7C89233ED6DC} = {8A367DDA-5161-A942-4F09-60E4726C9306}
		{43BFE670-E052-4F70-A2A8-D7FD42D44ADE} = {F926D061-AB2A-94F5-7DDD-7C89233ED6DC}
		{68E82E30-8DC0-439F-88FF-A3EE2405BAA2} = {F926D061-AB2A-94F5-7DDD-7C89233ED6DC}
		{56EAB5F2-3C05-4198-A35D-D9CE59D5F392} = {F926D061-AB2A-94F5-7DDD-7C89233ED6DC}
		{B439CD5A-B960-9506-14AE-95380622EC8C} = {9123F88B-E531-3118-42D7-ED8CEF4BD00E}
		{5BCF45A5-A993-470C-8FCE-AA07C0767BB7} = {B439CD5A-B960-9506-14AE-95380622EC8C}
		{21BEC94F-7842-08CA-8A57-2FA5ED6AB9CA} = {8A367DDA-5161-A942-4F09-60E4726C9306}
		{B8B3B11C-4CD4-4DA1-B520-B7D5DBFF6D9C} = {21BEC94F-7842-08CA-8A57-2FA5ED6AB9CA}
		{1FADA7E1-BED1-44EE-955A-9A7EA8BED2F6} = {21BEC94F-7842-08CA-8A57-2FA5ED6AB9CA}
		{9AF11659-4D24-4207-A52C-EFE2A0736E68} = {21BEC94F-7842-08CA-8A57-2FA5ED6AB9CA}
		{02EA681E-C7D8-13C7-8484-4AC65E1B71E8} = {8A367DDA-5161-A942-4F09-60E4726C9306}
		{787C13C1-2F44-44A9-98E7-FBE9298935A6} = {02EA681E-C7D8-13C7-8484-4AC65E1B71E8}
		{44B2E1FA-7D84-422A-94C6-BF63EEB29A3C} = {25D181DD-5CC9-F0B3-C64F-91E1AA77FD70}
		{2FF747DF-C764-4366-8EAB-84A30FAAB138} = {C6BDBC62-5228-D7E6-950F-74226525B5B7}
		{3891AA7E-D94B-6467-9046-D3BB6ADA90DA} = {8A367DDA-5161-A942-4F09-60E4726C9306}
		{AB680E56-AF9F-47E8-BADD-6029876C314F} = {3891AA7E-D94B-6467-9046-D3BB6ADA90DA}
		{F258E13C-34FF-4886-83E8-04E6857AEA8E} = {3891AA7E-D94B-6467-9046-D3BB6ADA90DA}
		{04B2AA70-7BA1-48E1-A391-5DCDA1278E1D} = {3891AA7E-D94B-6467-9046-D3BB6ADA90DA}
		{E451BC46-D648-4461-A6BF-EA0B189BCC94} = {8A367DDA-5161-A942-4F09-60E4726C9306}
		{17D1001E-12DD-407A-B8F9-D4F935BECD22} = {E451BC46-D648-4461-A6BF-EA0B189BCC94}
		{415AA9C0-47F3-45E8-8F00-1309D0BBE459} = {92FB1F3D-651F-4EAE-8B80-4E7795A8D427}
	EndGlobalSection
	GlobalSection(ExtensibilityGlobals) = postSolution
		SolutionGuid = {389E98BF-2908-4E3B-AA73-0F7B98E8FD19}
	EndGlobalSection
EndGlobal
